// !$*UTF8*$!
{
	archiveVersion = 1;
	classes = {
	};
	objectVersion = 50;
	objects = {

/* Begin PBXBuildFile section */
		8D768E2E2139273B00AF3393 /* ELTableViewCell.m in Sources */ = {isa = PBXBuildFile; fileRef = 8D768E2D2139273B00AF3393 /* ELTableViewCell.m */; };
		8D9CA3E12147BF1200E6FE8B /* NSLayoutConstraint+MASDebugAdditions.m in Sources */ = {isa = PBXBuildFile; fileRef = 8D9CA3C82147BF1100E6FE8B /* NSLayoutConstraint+MASDebugAdditions.m */; };
		8D9CA3E22147BF1200E6FE8B /* ViewController+MASAdditions.m in Sources */ = {isa = PBXBuildFile; fileRef = 8D9CA3D12147BF1100E6FE8B /* ViewController+MASAdditions.m */; };
		8D9CA3E32147BF1200E6FE8B /* MASCompositeConstraint.m in Sources */ = {isa = PBXBuildFile; fileRef = 8D9CA3D52147BF1100E6FE8B /* MASCompositeConstraint.m */; };
		8D9CA3E42147BF1200E6FE8B /* MASConstraintMaker.m in Sources */ = {isa = PBXBuildFile; fileRef = 8D9CA3D62147BF1100E6FE8B /* MASConstraintMaker.m */; };
		8D9CA3E52147BF1200E6FE8B /* MASLayoutConstraint.m in Sources */ = {isa = PBXBuildFile; fileRef = 8D9CA3D72147BF1100E6FE8B /* MASLayoutConstraint.m */; };
		8D9CA3E62147BF1200E6FE8B /* NSArray+MASAdditions.m in Sources */ = {isa = PBXBuildFile; fileRef = 8D9CA3D82147BF1100E6FE8B /* NSArray+MASAdditions.m */; };
		8D9CA3E72147BF1200E6FE8B /* View+MASAdditions.m in Sources */ = {isa = PBXBuildFile; fileRef = 8D9CA3D92147BF1100E6FE8B /* View+MASAdditions.m */; };
		8D9CA3E82147BF1200E6FE8B /* MASConstraint.m in Sources */ = {isa = PBXBuildFile; fileRef = 8D9CA3DC2147BF1100E6FE8B /* MASConstraint.m */; };
		8D9CA3E92147BF1200E6FE8B /* MASViewConstraint.m in Sources */ = {isa = PBXBuildFile; fileRef = 8D9CA3DE2147BF1100E6FE8B /* MASViewConstraint.m */; };
		8D9CA3EA2147BF1200E6FE8B /* MASViewAttribute.m in Sources */ = {isa = PBXBuildFile; fileRef = 8D9CA3DF2147BF1100E6FE8B /* MASViewAttribute.m */; };
		8D9CA3EB2147BF1200E6FE8B /* Info.plist in Resources */ = {isa = PBXBuildFile; fileRef = 8D9CA3E02147BF1100E6FE8B /* Info.plist */; };
		8D9CA3ED2148DAB900E6FE8B /* iconfont.ttf in Resources */ = {isa = PBXBuildFile; fileRef = 8D9CA3EC2148DAB900E6FE8B /* iconfont.ttf */; };
		8DD48DD7212D562600861DEB /* AFSecurityPolicy.m in Sources */ = {isa = PBXBuildFile; fileRef = 8DD48DCD212D562500861DEB /* AFSecurityPolicy.m */; };
		8DD48DD8212D562600861DEB /* AFURLSessionManager.m in Sources */ = {isa = PBXBuildFile; fileRef = 8DD48DCE212D562500861DEB /* AFURLSessionManager.m */; };
		8DD48DD9212D562600861DEB /* AFURLRequestSerialization.m in Sources */ = {isa = PBXBuildFile; fileRef = 8DD48DD0212D562500861DEB /* AFURLRequestSerialization.m */; };
		8DD48DDA212D562600861DEB /* AFHTTPSessionManager.m in Sources */ = {isa = PBXBuildFile; fileRef = 8DD48DD3212D562600861DEB /* AFHTTPSessionManager.m */; };
		8DD48DDB212D562600861DEB /* AFNetworkReachabilityManager.m in Sources */ = {isa = PBXBuildFile; fileRef = 8DD48DD4212D562600861DEB /* AFNetworkReachabilityManager.m */; };
		8DD48DDC212D562600861DEB /* AFURLResponseSerialization.m in Sources */ = {isa = PBXBuildFile; fileRef = 8DD48DD5212D562600861DEB /* AFURLResponseSerialization.m */; };
		8DD48DDF212D577500861DEB /* ELDownloader.m in Sources */ = {isa = PBXBuildFile; fileRef = 8DD48DDE212D577500861DEB /* ELDownloader.m */; };
		8DD48E09212FD6FB00861DEB /* crypt.c in Sources */ = {isa = PBXBuildFile; fileRef = 8DD48DE4212FD6FA00861DEB /* crypt.c */; };
		8DD48E0A212FD6FB00861DEB /* unzip.c in Sources */ = {isa = PBXBuildFile; fileRef = 8DD48DE5212FD6FA00861DEB /* unzip.c */; };
		8DD48E0B212FD6FB00861DEB /* zip.c in Sources */ = {isa = PBXBuildFile; fileRef = 8DD48DE6212FD6FA00861DEB /* zip.c */; };
		8DD48E0C212FD6FB00861DEB /* ioapi.c in Sources */ = {isa = PBXBuildFile; fileRef = 8DD48DE8212FD6FA00861DEB /* ioapi.c */; };
		8DD48E0D212FD6FB00861DEB /* ioapi_buf.c in Sources */ = {isa = PBXBuildFile; fileRef = 8DD48DEA212FD6FA00861DEB /* ioapi_buf.c */; };
		8DD48E0E212FD6FB00861DEB /* ioapi_mem.c in Sources */ = {isa = PBXBuildFile; fileRef = 8DD48DEE212FD6FA00861DEB /* ioapi_mem.c */; };
		8DD48E0F212FD6FB00861DEB /* minishared.c in Sources */ = {isa = PBXBuildFile; fileRef = 8DD48DEF212FD6FA00861DEB /* minishared.c */; };
		8DD48E10212FD6FB00861DEB /* aeskey.c in Sources */ = {isa = PBXBuildFile; fileRef = 8DD48DF5212FD6FA00861DEB /* aeskey.c */; };
		8DD48E11212FD6FB00861DEB /* hmac.c in Sources */ = {isa = PBXBuildFile; fileRef = 8DD48DF6212FD6FA00861DEB /* hmac.c */; };
		8DD48E12212FD6FB00861DEB /* aescrypt.c in Sources */ = {isa = PBXBuildFile; fileRef = 8DD48DF9212FD6FA00861DEB /* aescrypt.c */; };
		8DD48E13212FD6FB00861DEB /* fileenc.c in Sources */ = {isa = PBXBuildFile; fileRef = 8DD48DFA212FD6FA00861DEB /* fileenc.c */; };
		8DD48E14212FD6FB00861DEB /* sha1.c in Sources */ = {isa = PBXBuildFile; fileRef = 8DD48DFC212FD6FA00861DEB /* sha1.c */; };
		8DD48E15212FD6FB00861DEB /* aes_ni.c in Sources */ = {isa = PBXBuildFile; fileRef = 8DD48DFF212FD6FA00861DEB /* aes_ni.c */; };
		8DD48E16212FD6FB00861DEB /* prng.c in Sources */ = {isa = PBXBuildFile; fileRef = 8DD48E01212FD6FA00861DEB /* prng.c */; };
		8DD48E17212FD6FB00861DEB /* pwd2key.c in Sources */ = {isa = PBXBuildFile; fileRef = 8DD48E03212FD6FA00861DEB /* pwd2key.c */; };
		8DD48E18212FD6FB00861DEB /* aestab.c in Sources */ = {isa = PBXBuildFile; fileRef = 8DD48E04212FD6FA00861DEB /* aestab.c */; };
		8DD48E19212FD6FB00861DEB /* SSZipArchive.m in Sources */ = {isa = PBXBuildFile; fileRef = 8DD48E07212FD6FB00861DEB /* SSZipArchive.m */; };
		8DD48E1E213000C400861DEB /* ELFileNode.m in Sources */ = {isa = PBXBuildFile; fileRef = 8DD48E1D213000C400861DEB /* ELFileNode.m */; };
		8DED19EE21479664009DFD60 /* ELProject.m in Sources */ = {isa = PBXBuildFile; fileRef = 8DED19EC21479664009DFD60 /* ELProject.m */; };
		9B422BA1212C68B9003BBB87 /* DetailViewController.m in Sources */ = {isa = PBXBuildFile; fileRef = 9B422BA0212C68B9003BBB87 /* DetailViewController.m */; };
		9BAC1235212C4EBB00876AE0 /* AppDelegate.m in Sources */ = {isa = PBXBuildFile; fileRef = 9BAC1234212C4EBB00876AE0 /* AppDelegate.m */; };
		9BAC1238212C4EBB00876AE0 /* ViewController.m in Sources */ = {isa = PBXBuildFile; fileRef = 9BAC1237212C4EBB00876AE0 /* ViewController.m */; };
		9BAC123D212C4EBD00876AE0 /* Assets.xcassets in Resources */ = {isa = PBXBuildFile; fileRef = 9BAC123C212C4EBD00876AE0 /* Assets.xcassets */; };
		9BAC1240212C4EBD00876AE0 /* LaunchScreen.storyboard in Resources */ = {isa = PBXBuildFile; fileRef = 9BAC123E212C4EBD00876AE0 /* LaunchScreen.storyboard */; };
		9BAC1243212C4EBD00876AE0 /* main.m in Sources */ = {isa = PBXBuildFile; fileRef = 9BAC1242212C4EBD00876AE0 /* main.m */; };
/* End PBXBuildFile section */

/* Begin PBXFileReference section */
		8D768E2C2139273B00AF3393 /* ELTableViewCell.h */ = {isa = PBXFileReference; lastKnownFileType = sourcecode.c.h; path = ELTableViewCell.h; sourceTree = "<group>"; };
		8D768E2D2139273B00AF3393 /* ELTableViewCell.m */ = {isa = PBXFileReference; lastKnownFileType = sourcecode.c.objc; path = ELTableViewCell.m; sourceTree = "<group>"; };
		8D9CA3C72147BF1100E6FE8B /* MASCompositeConstraint.h */ = {isa = PBXFileReference; fileEncoding = 4; lastKnownFileType = sourcecode.c.h; path = MASCompositeConstraint.h; sourceTree = "<group>"; };
		8D9CA3C82147BF1100E6FE8B /* NSLayoutConstraint+MASDebugAdditions.m */ = {isa = PBXFileReference; fileEncoding = 4; lastKnownFileType = sourcecode.c.objc; path = "NSLayoutConstraint+MASDebugAdditions.m"; sourceTree = "<group>"; };
		8D9CA3C92147BF1100E6FE8B /* MASConstraint+Private.h */ = {isa = PBXFileReference; fileEncoding = 4; lastKnownFileType = sourcecode.c.h; path = "MASConstraint+Private.h"; sourceTree = "<group>"; };
		8D9CA3CA2147BF1100E6FE8B /* MASLayoutConstraint.h */ = {isa = PBXFileReference; fileEncoding = 4; lastKnownFileType = sourcecode.c.h; path = MASLayoutConstraint.h; sourceTree = "<group>"; };
		8D9CA3CB2147BF1100E6FE8B /* NSArray+MASShorthandAdditions.h */ = {isa = PBXFileReference; fileEncoding = 4; lastKnownFileType = sourcecode.c.h; path = "NSArray+MASShorthandAdditions.h"; sourceTree = "<group>"; };
		8D9CA3CC2147BF1100E6FE8B /* MASConstraintMaker.h */ = {isa = PBXFileReference; fileEncoding = 4; lastKnownFileType = sourcecode.c.h; path = MASConstraintMaker.h; sourceTree = "<group>"; };
		8D9CA3CD2147BF1100E6FE8B /* View+MASAdditions.h */ = {isa = PBXFileReference; fileEncoding = 4; lastKnownFileType = sourcecode.c.h; path = "View+MASAdditions.h"; sourceTree = "<group>"; };
		8D9CA3CE2147BF1100E6FE8B /* NSArray+MASAdditions.h */ = {isa = PBXFileReference; fileEncoding = 4; lastKnownFileType = sourcecode.c.h; path = "NSArray+MASAdditions.h"; sourceTree = "<group>"; };
		8D9CA3CF2147BF1100E6FE8B /* MASUtilities.h */ = {isa = PBXFileReference; fileEncoding = 4; lastKnownFileType = sourcecode.c.h; path = MASUtilities.h; sourceTree = "<group>"; };
		8D9CA3D02147BF1100E6FE8B /* MASViewAttribute.h */ = {isa = PBXFileReference; fileEncoding = 4; lastKnownFileType = sourcecode.c.h; path = MASViewAttribute.h; sourceTree = "<group>"; };
		8D9CA3D12147BF1100E6FE8B /* ViewController+MASAdditions.m */ = {isa = PBXFileReference; fileEncoding = 4; lastKnownFileType = sourcecode.c.objc; path = "ViewController+MASAdditions.m"; sourceTree = "<group>"; };
		8D9CA3D22147BF1100E6FE8B /* MASViewConstraint.h */ = {isa = PBXFileReference; fileEncoding = 4; lastKnownFileType = sourcecode.c.h; path = MASViewConstraint.h; sourceTree = "<group>"; };
		8D9CA3D32147BF1100E6FE8B /* MASConstraint.h */ = {isa = PBXFileReference; fileEncoding = 4; lastKnownFileType = sourcecode.c.h; path = MASConstraint.h; sourceTree = "<group>"; };
		8D9CA3D42147BF1100E6FE8B /* NSLayoutConstraint+MASDebugAdditions.h */ = {isa = PBXFileReference; fileEncoding = 4; lastKnownFileType = sourcecode.c.h; path = "NSLayoutConstraint+MASDebugAdditions.h"; sourceTree = "<group>"; };
		8D9CA3D52147BF1100E6FE8B /* MASCompositeConstraint.m */ = {isa = PBXFileReference; fileEncoding = 4; lastKnownFileType = sourcecode.c.objc; path = MASCompositeConstraint.m; sourceTree = "<group>"; };
		8D9CA3D62147BF1100E6FE8B /* MASConstraintMaker.m */ = {isa = PBXFileReference; fileEncoding = 4; lastKnownFileType = sourcecode.c.objc; path = MASConstraintMaker.m; sourceTree = "<group>"; };
		8D9CA3D72147BF1100E6FE8B /* MASLayoutConstraint.m */ = {isa = PBXFileReference; fileEncoding = 4; lastKnownFileType = sourcecode.c.objc; path = MASLayoutConstraint.m; sourceTree = "<group>"; };
		8D9CA3D82147BF1100E6FE8B /* NSArray+MASAdditions.m */ = {isa = PBXFileReference; fileEncoding = 4; lastKnownFileType = sourcecode.c.objc; path = "NSArray+MASAdditions.m"; sourceTree = "<group>"; };
		8D9CA3D92147BF1100E6FE8B /* View+MASAdditions.m */ = {isa = PBXFileReference; fileEncoding = 4; lastKnownFileType = sourcecode.c.objc; path = "View+MASAdditions.m"; sourceTree = "<group>"; };
		8D9CA3DA2147BF1100E6FE8B /* View+MASShorthandAdditions.h */ = {isa = PBXFileReference; fileEncoding = 4; lastKnownFileType = sourcecode.c.h; path = "View+MASShorthandAdditions.h"; sourceTree = "<group>"; };
		8D9CA3DB2147BF1100E6FE8B /* Masonry.h */ = {isa = PBXFileReference; fileEncoding = 4; lastKnownFileType = sourcecode.c.h; path = Masonry.h; sourceTree = "<group>"; };
		8D9CA3DC2147BF1100E6FE8B /* MASConstraint.m */ = {isa = PBXFileReference; fileEncoding = 4; lastKnownFileType = sourcecode.c.objc; path = MASConstraint.m; sourceTree = "<group>"; };
		8D9CA3DD2147BF1100E6FE8B /* ViewController+MASAdditions.h */ = {isa = PBXFileReference; fileEncoding = 4; lastKnownFileType = sourcecode.c.h; path = "ViewController+MASAdditions.h"; sourceTree = "<group>"; };
		8D9CA3DE2147BF1100E6FE8B /* MASViewConstraint.m */ = {isa = PBXFileReference; fileEncoding = 4; lastKnownFileType = sourcecode.c.objc; path = MASViewConstraint.m; sourceTree = "<group>"; };
		8D9CA3DF2147BF1100E6FE8B /* MASViewAttribute.m */ = {isa = PBXFileReference; fileEncoding = 4; lastKnownFileType = sourcecode.c.objc; path = MASViewAttribute.m; sourceTree = "<group>"; };
		8D9CA3E02147BF1100E6FE8B /* Info.plist */ = {isa = PBXFileReference; fileEncoding = 4; lastKnownFileType = text.plist.xml; path = Info.plist; sourceTree = "<group>"; };
		8D9CA3EC2148DAB900E6FE8B /* iconfont.ttf */ = {isa = PBXFileReference; lastKnownFileType = file; path = iconfont.ttf; sourceTree = "<group>"; };
		8DD48DCA212D562500861DEB /* AFNetworking.h */ = {isa = PBXFileReference; fileEncoding = 4; lastKnownFileType = sourcecode.c.h; path = AFNetworking.h; sourceTree = "<group>"; };
		8DD48DCB212D562500861DEB /* AFNetworkReachabilityManager.h */ = {isa = PBXFileReference; fileEncoding = 4; lastKnownFileType = sourcecode.c.h; path = AFNetworkReachabilityManager.h; sourceTree = "<group>"; };
		8DD48DCC212D562500861DEB /* AFURLRequestSerialization.h */ = {isa = PBXFileReference; fileEncoding = 4; lastKnownFileType = sourcecode.c.h; path = AFURLRequestSerialization.h; sourceTree = "<group>"; };
		8DD48DCD212D562500861DEB /* AFSecurityPolicy.m */ = {isa = PBXFileReference; fileEncoding = 4; lastKnownFileType = sourcecode.c.objc; path = AFSecurityPolicy.m; sourceTree = "<group>"; };
		8DD48DCE212D562500861DEB /* AFURLSessionManager.m */ = {isa = PBXFileReference; fileEncoding = 4; lastKnownFileType = sourcecode.c.objc; path = AFURLSessionManager.m; sourceTree = "<group>"; };
		8DD48DCF212D562500861DEB /* AFSecurityPolicy.h */ = {isa = PBXFileReference; fileEncoding = 4; lastKnownFileType = sourcecode.c.h; path = AFSecurityPolicy.h; sourceTree = "<group>"; };
		8DD48DD0212D562500861DEB /* AFURLRequestSerialization.m */ = {isa = PBXFileReference; fileEncoding = 4; lastKnownFileType = sourcecode.c.objc; path = AFURLRequestSerialization.m; sourceTree = "<group>"; };
		8DD48DD1212D562600861DEB /* AFURLResponseSerialization.h */ = {isa = PBXFileReference; fileEncoding = 4; lastKnownFileType = sourcecode.c.h; path = AFURLResponseSerialization.h; sourceTree = "<group>"; };
		8DD48DD2212D562600861DEB /* AFHTTPSessionManager.h */ = {isa = PBXFileReference; fileEncoding = 4; lastKnownFileType = sourcecode.c.h; path = AFHTTPSessionManager.h; sourceTree = "<group>"; };
		8DD48DD3212D562600861DEB /* AFHTTPSessionManager.m */ = {isa = PBXFileReference; fileEncoding = 4; lastKnownFileType = sourcecode.c.objc; path = AFHTTPSessionManager.m; sourceTree = "<group>"; };
		8DD48DD4212D562600861DEB /* AFNetworkReachabilityManager.m */ = {isa = PBXFileReference; fileEncoding = 4; lastKnownFileType = sourcecode.c.objc; path = AFNetworkReachabilityManager.m; sourceTree = "<group>"; };
		8DD48DD5212D562600861DEB /* AFURLResponseSerialization.m */ = {isa = PBXFileReference; fileEncoding = 4; lastKnownFileType = sourcecode.c.objc; path = AFURLResponseSerialization.m; sourceTree = "<group>"; };
		8DD48DD6212D562600861DEB /* AFURLSessionManager.h */ = {isa = PBXFileReference; fileEncoding = 4; lastKnownFileType = sourcecode.c.h; path = AFURLSessionManager.h; sourceTree = "<group>"; };
		8DD48DDD212D577500861DEB /* ELDownloader.h */ = {isa = PBXFileReference; lastKnownFileType = sourcecode.c.h; path = ELDownloader.h; sourceTree = "<group>"; };
		8DD48DDE212D577500861DEB /* ELDownloader.m */ = {isa = PBXFileReference; lastKnownFileType = sourcecode.c.objc; path = ELDownloader.m; sourceTree = "<group>"; };
		8DD48DE1212FD6FA00861DEB /* ZipArchive.h */ = {isa = PBXFileReference; fileEncoding = 4; lastKnownFileType = sourcecode.c.h; path = ZipArchive.h; sourceTree = "<group>"; };
		8DD48DE2212FD6FA00861DEB /* SSZipArchive.h */ = {isa = PBXFileReference; fileEncoding = 4; lastKnownFileType = sourcecode.c.h; path = SSZipArchive.h; sourceTree = "<group>"; };
		8DD48DE4212FD6FA00861DEB /* crypt.c */ = {isa = PBXFileReference; fileEncoding = 4; lastKnownFileType = sourcecode.c.c; path = crypt.c; sourceTree = "<group>"; };
		8DD48DE5212FD6FA00861DEB /* unzip.c */ = {isa = PBXFileReference; fileEncoding = 4; lastKnownFileType = sourcecode.c.c; path = unzip.c; sourceTree = "<group>"; };
		8DD48DE6212FD6FA00861DEB /* zip.c */ = {isa = PBXFileReference; fileEncoding = 4; lastKnownFileType = sourcecode.c.c; path = zip.c; sourceTree = "<group>"; };
		8DD48DE7212FD6FA00861DEB /* minishared.h */ = {isa = PBXFileReference; fileEncoding = 4; lastKnownFileType = sourcecode.c.h; path = minishared.h; sourceTree = "<group>"; };
		8DD48DE8212FD6FA00861DEB /* ioapi.c */ = {isa = PBXFileReference; fileEncoding = 4; lastKnownFileType = sourcecode.c.c; path = ioapi.c; sourceTree = "<group>"; };
		8DD48DE9212FD6FA00861DEB /* ioapi_mem.h */ = {isa = PBXFileReference; fileEncoding = 4; lastKnownFileType = sourcecode.c.h; path = ioapi_mem.h; sourceTree = "<group>"; };
		8DD48DEA212FD6FA00861DEB /* ioapi_buf.c */ = {isa = PBXFileReference; fileEncoding = 4; lastKnownFileType = sourcecode.c.c; path = ioapi_buf.c; sourceTree = "<group>"; };
		8DD48DEB212FD6FA00861DEB /* crypt.h */ = {isa = PBXFileReference; fileEncoding = 4; lastKnownFileType = sourcecode.c.h; path = crypt.h; sourceTree = "<group>"; };
		8DD48DEC212FD6FA00861DEB /* zip.h */ = {isa = PBXFileReference; fileEncoding = 4; lastKnownFileType = sourcecode.c.h; path = zip.h; sourceTree = "<group>"; };
		8DD48DED212FD6FA00861DEB /* unzip.h */ = {isa = PBXFileReference; fileEncoding = 4; lastKnownFileType = sourcecode.c.h; path = unzip.h; sourceTree = "<group>"; };
		8DD48DEE212FD6FA00861DEB /* ioapi_mem.c */ = {isa = PBXFileReference; fileEncoding = 4; lastKnownFileType = sourcecode.c.c; path = ioapi_mem.c; sourceTree = "<group>"; };
		8DD48DEF212FD6FA00861DEB /* minishared.c */ = {isa = PBXFileReference; fileEncoding = 4; lastKnownFileType = sourcecode.c.c; path = minishared.c; sourceTree = "<group>"; };
		8DD48DF0212FD6FA00861DEB /* ioapi.h */ = {isa = PBXFileReference; fileEncoding = 4; lastKnownFileType = sourcecode.c.h; path = ioapi.h; sourceTree = "<group>"; };
		8DD48DF1212FD6FA00861DEB /* ioapi_buf.h */ = {isa = PBXFileReference; fileEncoding = 4; lastKnownFileType = sourcecode.c.h; path = ioapi_buf.h; sourceTree = "<group>"; };
		8DD48DF3212FD6FA00861DEB /* prng.h */ = {isa = PBXFileReference; fileEncoding = 4; lastKnownFileType = sourcecode.c.h; path = prng.h; sourceTree = "<group>"; };
		8DD48DF4212FD6FA00861DEB /* aes_ni.h */ = {isa = PBXFileReference; fileEncoding = 4; lastKnownFileType = sourcecode.c.h; path = aes_ni.h; sourceTree = "<group>"; };
		8DD48DF5212FD6FA00861DEB /* aeskey.c */ = {isa = PBXFileReference; fileEncoding = 4; lastKnownFileType = sourcecode.c.c; path = aeskey.c; sourceTree = "<group>"; };
		8DD48DF6212FD6FA00861DEB /* hmac.c */ = {isa = PBXFileReference; fileEncoding = 4; lastKnownFileType = sourcecode.c.c; path = hmac.c; sourceTree = "<group>"; };
		8DD48DF7212FD6FA00861DEB /* aestab.h */ = {isa = PBXFileReference; fileEncoding = 4; lastKnownFileType = sourcecode.c.h; path = aestab.h; sourceTree = "<group>"; };
		8DD48DF8212FD6FA00861DEB /* pwd2key.h */ = {isa = PBXFileReference; fileEncoding = 4; lastKnownFileType = sourcecode.c.h; path = pwd2key.h; sourceTree = "<group>"; };
		8DD48DF9212FD6FA00861DEB /* aescrypt.c */ = {isa = PBXFileReference; fileEncoding = 4; lastKnownFileType = sourcecode.c.c; path = aescrypt.c; sourceTree = "<group>"; };
		8DD48DFA212FD6FA00861DEB /* fileenc.c */ = {isa = PBXFileReference; fileEncoding = 4; lastKnownFileType = sourcecode.c.c; path = fileenc.c; sourceTree = "<group>"; };
		8DD48DFB212FD6FA00861DEB /* aesopt.h */ = {isa = PBXFileReference; fileEncoding = 4; lastKnownFileType = sourcecode.c.h; path = aesopt.h; sourceTree = "<group>"; };
		8DD48DFC212FD6FA00861DEB /* sha1.c */ = {isa = PBXFileReference; fileEncoding = 4; lastKnownFileType = sourcecode.c.c; path = sha1.c; sourceTree = "<group>"; };
		8DD48DFD212FD6FA00861DEB /* brg_types.h */ = {isa = PBXFileReference; fileEncoding = 4; lastKnownFileType = sourcecode.c.h; path = brg_types.h; sourceTree = "<group>"; };
		8DD48DFE212FD6FA00861DEB /* hmac.h */ = {isa = PBXFileReference; fileEncoding = 4; lastKnownFileType = sourcecode.c.h; path = hmac.h; sourceTree = "<group>"; };
		8DD48DFF212FD6FA00861DEB /* aes_ni.c */ = {isa = PBXFileReference; fileEncoding = 4; lastKnownFileType = sourcecode.c.c; path = aes_ni.c; sourceTree = "<group>"; };
		8DD48E00212FD6FA00861DEB /* brg_endian.h */ = {isa = PBXFileReference; fileEncoding = 4; lastKnownFileType = sourcecode.c.h; path = brg_endian.h; sourceTree = "<group>"; };
		8DD48E01212FD6FA00861DEB /* prng.c */ = {isa = PBXFileReference; fileEncoding = 4; lastKnownFileType = sourcecode.c.c; path = prng.c; sourceTree = "<group>"; };
		8DD48E02212FD6FA00861DEB /* aes.h */ = {isa = PBXFileReference; fileEncoding = 4; lastKnownFileType = sourcecode.c.h; path = aes.h; sourceTree = "<group>"; };
		8DD48E03212FD6FA00861DEB /* pwd2key.c */ = {isa = PBXFileReference; fileEncoding = 4; lastKnownFileType = sourcecode.c.c; path = pwd2key.c; sourceTree = "<group>"; };
		8DD48E04212FD6FA00861DEB /* aestab.c */ = {isa = PBXFileReference; fileEncoding = 4; lastKnownFileType = sourcecode.c.c; path = aestab.c; sourceTree = "<group>"; };
		8DD48E05212FD6FA00861DEB /* sha1.h */ = {isa = PBXFileReference; fileEncoding = 4; lastKnownFileType = sourcecode.c.h; path = sha1.h; sourceTree = "<group>"; };
		8DD48E06212FD6FA00861DEB /* fileenc.h */ = {isa = PBXFileReference; fileEncoding = 4; lastKnownFileType = sourcecode.c.h; path = fileenc.h; sourceTree = "<group>"; };
		8DD48E07212FD6FB00861DEB /* SSZipArchive.m */ = {isa = PBXFileReference; fileEncoding = 4; lastKnownFileType = sourcecode.c.objc; path = SSZipArchive.m; sourceTree = "<group>"; };
		8DD48E08212FD6FB00861DEB /* SSZipCommon.h */ = {isa = PBXFileReference; fileEncoding = 4; lastKnownFileType = sourcecode.c.h; path = SSZipCommon.h; sourceTree = "<group>"; };
		8DD48E1C213000C400861DEB /* ELFileNode.h */ = {isa = PBXFileReference; lastKnownFileType = sourcecode.c.h; path = ELFileNode.h; sourceTree = "<group>"; };
		8DD48E1D213000C400861DEB /* ELFileNode.m */ = {isa = PBXFileReference; lastKnownFileType = sourcecode.c.objc; path = ELFileNode.m; sourceTree = "<group>"; };
		8DED19EC21479664009DFD60 /* ELProject.m */ = {isa = PBXFileReference; fileEncoding = 4; lastKnownFileType = sourcecode.c.objc; path = ELProject.m; sourceTree = "<group>"; };
		8DED19ED21479664009DFD60 /* ELProject.h */ = {isa = PBXFileReference; fileEncoding = 4; lastKnownFileType = sourcecode.c.h; path = ELProject.h; sourceTree = "<group>"; };
		9B1888742147F8E7004299B6 /* AFCompatibilityMacros.h */ = {isa = PBXFileReference; lastKnownFileType = sourcecode.c.h; path = AFCompatibilityMacros.h; sourceTree = "<group>"; };
		9B422B9F212C68B9003BBB87 /* DetailViewController.h */ = {isa = PBXFileReference; lastKnownFileType = sourcecode.c.h; path = DetailViewController.h; sourceTree = "<group>"; };
		9B422BA0212C68B9003BBB87 /* DetailViewController.m */ = {isa = PBXFileReference; lastKnownFileType = sourcecode.c.objc; path = DetailViewController.m; sourceTree = "<group>"; };
		9BAC1230212C4EBB00876AE0 /* ReadCode.app */ = {isa = PBXFileReference; explicitFileType = wrapper.application; includeInIndex = 0; path = ReadCode.app; sourceTree = BUILT_PRODUCTS_DIR; };
		9BAC1233212C4EBB00876AE0 /* AppDelegate.h */ = {isa = PBXFileReference; lastKnownFileType = sourcecode.c.h; path = AppDelegate.h; sourceTree = "<group>"; };
		9BAC1234212C4EBB00876AE0 /* AppDelegate.m */ = {isa = PBXFileReference; lastKnownFileType = sourcecode.c.objc; path = AppDelegate.m; sourceTree = "<group>"; };
		9BAC1236212C4EBB00876AE0 /* ViewController.h */ = {isa = PBXFileReference; lastKnownFileType = sourcecode.c.h; path = ViewController.h; sourceTree = "<group>"; };
		9BAC1237212C4EBB00876AE0 /* ViewController.m */ = {isa = PBXFileReference; lastKnownFileType = sourcecode.c.objc; path = ViewController.m; sourceTree = "<group>"; };
		9BAC123C212C4EBD00876AE0 /* Assets.xcassets */ = {isa = PBXFileReference; lastKnownFileType = folder.assetcatalog; path = Assets.xcassets; sourceTree = "<group>"; };
		9BAC123F212C4EBD00876AE0 /* Base */ = {isa = PBXFileReference; lastKnownFileType = file.storyboard; name = Base; path = Base.lproj/LaunchScreen.storyboard; sourceTree = "<group>"; };
		9BAC1241212C4EBD00876AE0 /* Info.plist */ = {isa = PBXFileReference; lastKnownFileType = text.plist.xml; path = Info.plist; sourceTree = "<group>"; };
		9BAC1242212C4EBD00876AE0 /* main.m */ = {isa = PBXFileReference; lastKnownFileType = sourcecode.c.objc; path = main.m; sourceTree = "<group>"; };
/* End PBXFileReference section */

/* Begin PBXFrameworksBuildPhase section */
		9BAC122D212C4EBB00876AE0 /* Frameworks */ = {
			isa = PBXFrameworksBuildPhase;
			buildActionMask = 2147483647;
			files = (
			);
			runOnlyForDeploymentPostprocessing = 0;
		};
/* End PBXFrameworksBuildPhase section */

/* Begin PBXGroup section */
		8D9CA3C62147BF1100E6FE8B /* Masonry */ = {
			isa = PBXGroup;
			children = (
				8D9CA3C72147BF1100E6FE8B /* MASCompositeConstraint.h */,
				8D9CA3C82147BF1100E6FE8B /* NSLayoutConstraint+MASDebugAdditions.m */,
				8D9CA3C92147BF1100E6FE8B /* MASConstraint+Private.h */,
				8D9CA3CA2147BF1100E6FE8B /* MASLayoutConstraint.h */,
				8D9CA3CB2147BF1100E6FE8B /* NSArray+MASShorthandAdditions.h */,
				8D9CA3CC2147BF1100E6FE8B /* MASConstraintMaker.h */,
				8D9CA3CD2147BF1100E6FE8B /* View+MASAdditions.h */,
				8D9CA3CE2147BF1100E6FE8B /* NSArray+MASAdditions.h */,
				8D9CA3CF2147BF1100E6FE8B /* MASUtilities.h */,
				8D9CA3D02147BF1100E6FE8B /* MASViewAttribute.h */,
				8D9CA3D12147BF1100E6FE8B /* ViewController+MASAdditions.m */,
				8D9CA3D22147BF1100E6FE8B /* MASViewConstraint.h */,
				8D9CA3D32147BF1100E6FE8B /* MASConstraint.h */,
				8D9CA3D42147BF1100E6FE8B /* NSLayoutConstraint+MASDebugAdditions.h */,
				8D9CA3D52147BF1100E6FE8B /* MASCompositeConstraint.m */,
				8D9CA3D62147BF1100E6FE8B /* MASConstraintMaker.m */,
				8D9CA3D72147BF1100E6FE8B /* MASLayoutConstraint.m */,
				8D9CA3D82147BF1100E6FE8B /* NSArray+MASAdditions.m */,
				8D9CA3D92147BF1100E6FE8B /* View+MASAdditions.m */,
				8D9CA3DA2147BF1100E6FE8B /* View+MASShorthandAdditions.h */,
				8D9CA3DB2147BF1100E6FE8B /* Masonry.h */,
				8D9CA3DC2147BF1100E6FE8B /* MASConstraint.m */,
				8D9CA3DD2147BF1100E6FE8B /* ViewController+MASAdditions.h */,
				8D9CA3DE2147BF1100E6FE8B /* MASViewConstraint.m */,
				8D9CA3DF2147BF1100E6FE8B /* MASViewAttribute.m */,
				8D9CA3E02147BF1100E6FE8B /* Info.plist */,
			);
			path = Masonry;
			sourceTree = "<group>";
		};
		8DD48DC5212D0C0A00861DEB /* Module */ = {
			isa = PBXGroup;
			children = (
				8D9CA3EC2148DAB900E6FE8B /* iconfont.ttf */,
				8DD48DDD212D577500861DEB /* ELDownloader.h */,
				8DD48DDE212D577500861DEB /* ELDownloader.m */,
				8DD48E1C213000C400861DEB /* ELFileNode.h */,
				8DD48E1D213000C400861DEB /* ELFileNode.m */,
				8DED19ED21479664009DFD60 /* ELProject.h */,
				8DED19EC21479664009DFD60 /* ELProject.m */,
				8D768E2C2139273B00AF3393 /* ELTableViewCell.h */,
				8D768E2D2139273B00AF3393 /* ELTableViewCell.m */,
			);
			path = Module;
			sourceTree = "<group>";
		};
		8DD48DC9212D560C00861DEB /* AFNetworking */ = {
			isa = PBXGroup;
			children = (
				8DD48DD2212D562600861DEB /* AFHTTPSessionManager.h */,
				9B1888742147F8E7004299B6 /* AFCompatibilityMacros.h */,
				8DD48DD3212D562600861DEB /* AFHTTPSessionManager.m */,
				8DD48DCA212D562500861DEB /* AFNetworking.h */,
				8DD48DCB212D562500861DEB /* AFNetworkReachabilityManager.h */,
				8DD48DD4212D562600861DEB /* AFNetworkReachabilityManager.m */,
				8DD48DCF212D562500861DEB /* AFSecurityPolicy.h */,
				8DD48DCD212D562500861DEB /* AFSecurityPolicy.m */,
				8DD48DCC212D562500861DEB /* AFURLRequestSerialization.h */,
				8DD48DD0212D562500861DEB /* AFURLRequestSerialization.m */,
				8DD48DD1212D562600861DEB /* AFURLResponseSerialization.h */,
				8DD48DD5212D562600861DEB /* AFURLResponseSerialization.m */,
				8DD48DD6212D562600861DEB /* AFURLSessionManager.h */,
				8DD48DCE212D562500861DEB /* AFURLSessionManager.m */,
			);
			path = AFNetworking;
			sourceTree = "<group>";
		};
		8DD48DE0212FD6E700861DEB /* ZipArchive */ = {
			isa = PBXGroup;
			children = (
				8DD48DE3212FD6FA00861DEB /* minizip */,
				8DD48DE2212FD6FA00861DEB /* SSZipArchive.h */,
				8DD48E07212FD6FB00861DEB /* SSZipArchive.m */,
				8DD48E08212FD6FB00861DEB /* SSZipCommon.h */,
				8DD48DE1212FD6FA00861DEB /* ZipArchive.h */,
			);
			path = ZipArchive;
			sourceTree = "<group>";
		};
		8DD48DE3212FD6FA00861DEB /* minizip */ = {
			isa = PBXGroup;
			children = (
				8DD48DE4212FD6FA00861DEB /* crypt.c */,
				8DD48DE5212FD6FA00861DEB /* unzip.c */,
				8DD48DE6212FD6FA00861DEB /* zip.c */,
				8DD48DE7212FD6FA00861DEB /* minishared.h */,
				8DD48DE8212FD6FA00861DEB /* ioapi.c */,
				8DD48DE9212FD6FA00861DEB /* ioapi_mem.h */,
				8DD48DEA212FD6FA00861DEB /* ioapi_buf.c */,
				8DD48DEB212FD6FA00861DEB /* crypt.h */,
				8DD48DEC212FD6FA00861DEB /* zip.h */,
				8DD48DED212FD6FA00861DEB /* unzip.h */,
				8DD48DEE212FD6FA00861DEB /* ioapi_mem.c */,
				8DD48DEF212FD6FA00861DEB /* minishared.c */,
				8DD48DF0212FD6FA00861DEB /* ioapi.h */,
				8DD48DF1212FD6FA00861DEB /* ioapi_buf.h */,
				8DD48DF2212FD6FA00861DEB /* aes */,
			);
			path = minizip;
			sourceTree = "<group>";
		};
		8DD48DF2212FD6FA00861DEB /* aes */ = {
			isa = PBXGroup;
			children = (
				8DD48DF3212FD6FA00861DEB /* prng.h */,
				8DD48DF4212FD6FA00861DEB /* aes_ni.h */,
				8DD48DF5212FD6FA00861DEB /* aeskey.c */,
				8DD48DF6212FD6FA00861DEB /* hmac.c */,
				8DD48DF7212FD6FA00861DEB /* aestab.h */,
				8DD48DF8212FD6FA00861DEB /* pwd2key.h */,
				8DD48DF9212FD6FA00861DEB /* aescrypt.c */,
				8DD48DFA212FD6FA00861DEB /* fileenc.c */,
				8DD48DFB212FD6FA00861DEB /* aesopt.h */,
				8DD48DFC212FD6FA00861DEB /* sha1.c */,
				8DD48DFD212FD6FA00861DEB /* brg_types.h */,
				8DD48DFE212FD6FA00861DEB /* hmac.h */,
				8DD48DFF212FD6FA00861DEB /* aes_ni.c */,
				8DD48E00212FD6FA00861DEB /* brg_endian.h */,
				8DD48E01212FD6FA00861DEB /* prng.c */,
				8DD48E02212FD6FA00861DEB /* aes.h */,
				8DD48E03212FD6FA00861DEB /* pwd2key.c */,
				8DD48E04212FD6FA00861DEB /* aestab.c */,
				8DD48E05212FD6FA00861DEB /* sha1.h */,
				8DD48E06212FD6FA00861DEB /* fileenc.h */,
			);
			path = aes;
			sourceTree = "<group>";
		};
		9BAC1227212C4EBB00876AE0 = {
			isa = PBXGroup;
			children = (
				9BAC1232212C4EBB00876AE0 /* ReadCode */,
				9BAC1231212C4EBB00876AE0 /* Products */,
			);
			sourceTree = "<group>";
		};
		9BAC1231212C4EBB00876AE0 /* Products */ = {
			isa = PBXGroup;
			children = (
				9BAC1230212C4EBB00876AE0 /* ReadCode.app */,
			);
			name = Products;
			sourceTree = "<group>";
		};
		9BAC1232212C4EBB00876AE0 /* ReadCode */ = {
			isa = PBXGroup;
			children = (
				8D9CA3C62147BF1100E6FE8B /* Masonry */,
				8DD48DE0212FD6E700861DEB /* ZipArchive */,
				8DD48DC9212D560C00861DEB /* AFNetworking */,
				8DD48DC5212D0C0A00861DEB /* Module */,
				9BAC1233212C4EBB00876AE0 /* AppDelegate.h */,
				9BAC1234212C4EBB00876AE0 /* AppDelegate.m */,
				9BAC1236212C4EBB00876AE0 /* ViewController.h */,
				9BAC1237212C4EBB00876AE0 /* ViewController.m */,
				9B422B9F212C68B9003BBB87 /* DetailViewController.h */,
				9B422BA0212C68B9003BBB87 /* DetailViewController.m */,
				9BAC123C212C4EBD00876AE0 /* Assets.xcassets */,
				9BAC123E212C4EBD00876AE0 /* LaunchScreen.storyboard */,
				9BAC1241212C4EBD00876AE0 /* Info.plist */,
				9BAC1242212C4EBD00876AE0 /* main.m */,
			);
			path = ReadCode;
			sourceTree = "<group>";
		};
/* End PBXGroup section */

/* Begin PBXNativeTarget section */
		9BAC122F212C4EBB00876AE0 /* ReadCode */ = {
			isa = PBXNativeTarget;
			buildConfigurationList = 9BAC1246212C4EBD00876AE0 /* Build configuration list for PBXNativeTarget "ReadCode" */;
			buildPhases = (
				9BAC122C212C4EBB00876AE0 /* Sources */,
				9BAC122D212C4EBB00876AE0 /* Frameworks */,
				9BAC122E212C4EBB00876AE0 /* Resources */,
			);
			buildRules = (
			);
			dependencies = (
			);
			name = ReadCode;
			productName = ReadCode;
			productReference = 9BAC1230212C4EBB00876AE0 /* ReadCode.app */;
			productType = "com.apple.product-type.application";
		};
/* End PBXNativeTarget section */

/* Begin PBXProject section */
		9BAC1228212C4EBB00876AE0 /* Project object */ = {
			isa = PBXProject;
			attributes = {
				LastUpgradeCheck = 0940;
				ORGANIZATIONNAME = zpjoe;
				TargetAttributes = {
					9BAC122F212C4EBB00876AE0 = {
						CreatedOnToolsVersion = 9.4.1;
					};
				};
			};
			buildConfigurationList = 9BAC122B212C4EBB00876AE0 /* Build configuration list for PBXProject "ReadCode" */;
			compatibilityVersion = "Xcode 9.3";
			developmentRegion = en;
			hasScannedForEncodings = 0;
			knownRegions = (
				en,
				Base,
			);
			mainGroup = 9BAC1227212C4EBB00876AE0;
			productRefGroup = 9BAC1231212C4EBB00876AE0 /* Products */;
			projectDirPath = "";
			projectRoot = "";
			targets = (
				9BAC122F212C4EBB00876AE0 /* ReadCode */,
			);
		};
/* End PBXProject section */

/* Begin PBXResourcesBuildPhase section */
		9BAC122E212C4EBB00876AE0 /* Resources */ = {
			isa = PBXResourcesBuildPhase;
			buildActionMask = 2147483647;
			files = (
				8D9CA3ED2148DAB900E6FE8B /* iconfont.ttf in Resources */,
				9BAC1240212C4EBD00876AE0 /* LaunchScreen.storyboard in Resources */,
				9BAC123D212C4EBD00876AE0 /* Assets.xcassets in Resources */,
				8D9CA3EB2147BF1200E6FE8B /* Info.plist in Resources */,
			);
			runOnlyForDeploymentPostprocessing = 0;
		};
/* End PBXResourcesBuildPhase section */

/* Begin PBXSourcesBuildPhase section */
		9BAC122C212C4EBB00876AE0 /* Sources */ = {
			isa = PBXSourcesBuildPhase;
			buildActionMask = 2147483647;
			files = (
				8D9CA3E72147BF1200E6FE8B /* View+MASAdditions.m in Sources */,
				8DD48E11212FD6FB00861DEB /* hmac.c in Sources */,
				8D768E2E2139273B00AF3393 /* ELTableViewCell.m in Sources */,
				8DD48DDF212D577500861DEB /* ELDownloader.m in Sources */,
				8DD48E1E213000C400861DEB /* ELFileNode.m in Sources */,
				8D9CA3E62147BF1200E6FE8B /* NSArray+MASAdditions.m in Sources */,
				9BAC1238212C4EBB00876AE0 /* ViewController.m in Sources */,
				8D9CA3E22147BF1200E6FE8B /* ViewController+MASAdditions.m in Sources */,
				8DD48DDB212D562600861DEB /* AFNetworkReachabilityManager.m in Sources */,
				8DD48E18212FD6FB00861DEB /* aestab.c in Sources */,
				9BAC1243212C4EBD00876AE0 /* main.m in Sources */,
				8DD48E0A212FD6FB00861DEB /* unzip.c in Sources */,
				8D9CA3E32147BF1200E6FE8B /* MASCompositeConstraint.m in Sources */,
				8DD48DDC212D562600861DEB /* AFURLResponseSerialization.m in Sources */,
				8DD48DDA212D562600861DEB /* AFHTTPSessionManager.m in Sources */,
				8D9CA3E92147BF1200E6FE8B /* MASViewConstraint.m in Sources */,
				8DD48E0F212FD6FB00861DEB /* minishared.c in Sources */,
				8DD48E09212FD6FB00861DEB /* crypt.c in Sources */,
				8DD48E13212FD6FB00861DEB /* fileenc.c in Sources */,
				8D9CA3E52147BF1200E6FE8B /* MASLayoutConstraint.m in Sources */,
				8DD48E19212FD6FB00861DEB /* SSZipArchive.m in Sources */,
				8DD48DD8212D562600861DEB /* AFURLSessionManager.m in Sources */,
				8DD48E0C212FD6FB00861DEB /* ioapi.c in Sources */,
				8DD48E0D212FD6FB00861DEB /* ioapi_buf.c in Sources */,
				9BAC1235212C4EBB00876AE0 /* AppDelegate.m in Sources */,
				8D9CA3EA2147BF1200E6FE8B /* MASViewAttribute.m in Sources */,
				8D9CA3E42147BF1200E6FE8B /* MASConstraintMaker.m in Sources */,
				8DD48E16212FD6FB00861DEB /* prng.c in Sources */,
				8DED19EE21479664009DFD60 /* ELProject.m in Sources */,
				8DD48DD7212D562600861DEB /* AFSecurityPolicy.m in Sources */,
				8DD48E15212FD6FB00861DEB /* aes_ni.c in Sources */,
				8D9CA3E12147BF1200E6FE8B /* NSLayoutConstraint+MASDebugAdditions.m in Sources */,
				8DD48E10212FD6FB00861DEB /* aeskey.c in Sources */,
				8DD48E0E212FD6FB00861DEB /* ioapi_mem.c in Sources */,
				8DD48E17212FD6FB00861DEB /* pwd2key.c in Sources */,
				8DD48E14212FD6FB00861DEB /* sha1.c in Sources */,
				8DD48E0B212FD6FB00861DEB /* zip.c in Sources */,
				9B422BA1212C68B9003BBB87 /* DetailViewController.m in Sources */,
				8DD48E12212FD6FB00861DEB /* aescrypt.c in Sources */,
				8DD48DD9212D562600861DEB /* AFURLRequestSerialization.m in Sources */,
				8D9CA3E82147BF1200E6FE8B /* MASConstraint.m in Sources */,
			);
			runOnlyForDeploymentPostprocessing = 0;
		};
/* End PBXSourcesBuildPhase section */

/* Begin PBXVariantGroup section */
		9BAC123E212C4EBD00876AE0 /* LaunchScreen.storyboard */ = {
			isa = PBXVariantGroup;
			children = (
				9BAC123F212C4EBD00876AE0 /* Base */,
			);
			name = LaunchScreen.storyboard;
			sourceTree = "<group>";
		};
/* End PBXVariantGroup section */

/* Begin XCBuildConfiguration section */
		9BAC1244212C4EBD00876AE0 /* Debug */ = {
			isa = XCBuildConfiguration;
			buildSettings = {
				ALWAYS_SEARCH_USER_PATHS = NO;
				CLANG_ANALYZER_NONNULL = YES;
				CLANG_ANALYZER_NUMBER_OBJECT_CONVERSION = YES_AGGRESSIVE;
				CLANG_CXX_LANGUAGE_STANDARD = "gnu++14";
				CLANG_CXX_LIBRARY = "libc++";
				CLANG_ENABLE_MODULES = YES;
				CLANG_ENABLE_OBJC_ARC = YES;
				CLANG_ENABLE_OBJC_WEAK = YES;
				CLANG_WARN_BLOCK_CAPTURE_AUTORELEASING = YES;
				CLANG_WARN_BOOL_CONVERSION = YES;
				CLANG_WARN_COMMA = YES;
				CLANG_WARN_CONSTANT_CONVERSION = YES;
				CLANG_WARN_DEPRECATED_OBJC_IMPLEMENTATIONS = YES;
				CLANG_WARN_DIRECT_OBJC_ISA_USAGE = YES_ERROR;
				CLANG_WARN_DOCUMENTATION_COMMENTS = YES;
				CLANG_WARN_EMPTY_BODY = YES;
				CLANG_WARN_ENUM_CONVERSION = YES;
				CLANG_WARN_INFINITE_RECURSION = YES;
				CLANG_WARN_INT_CONVERSION = YES;
				CLANG_WARN_NON_LITERAL_NULL_CONVERSION = YES;
				CLANG_WARN_OBJC_IMPLICIT_RETAIN_SELF = YES;
				CLANG_WARN_OBJC_LITERAL_CONVERSION = YES;
				CLANG_WARN_OBJC_ROOT_CLASS = YES_ERROR;
				CLANG_WARN_RANGE_LOOP_ANALYSIS = YES;
				CLANG_WARN_STRICT_PROTOTYPES = YES;
				CLANG_WARN_SUSPICIOUS_MOVE = YES;
				CLANG_WARN_UNGUARDED_AVAILABILITY = YES_AGGRESSIVE;
				CLANG_WARN_UNREACHABLE_CODE = YES;
				CLANG_WARN__DUPLICATE_METHOD_MATCH = YES;
				CODE_SIGN_IDENTITY = "iPhone Developer";
				COPY_PHASE_STRIP = NO;
				DEBUG_INFORMATION_FORMAT = dwarf;
				ENABLE_STRICT_OBJC_MSGSEND = YES;
				ENABLE_TESTABILITY = YES;
				GCC_C_LANGUAGE_STANDARD = gnu11;
				GCC_DYNAMIC_NO_PIC = NO;
				GCC_NO_COMMON_BLOCKS = YES;
				GCC_OPTIMIZATION_LEVEL = 0;
				GCC_PREPROCESSOR_DEFINITIONS = (
					"DEBUG=1",
					"$(inherited)",
				);
				GCC_WARN_64_TO_32_BIT_CONVERSION = YES;
				GCC_WARN_ABOUT_RETURN_TYPE = YES_ERROR;
				GCC_WARN_UNDECLARED_SELECTOR = YES;
				GCC_WARN_UNINITIALIZED_AUTOS = YES_AGGRESSIVE;
				GCC_WARN_UNUSED_FUNCTION = YES;
				GCC_WARN_UNUSED_VARIABLE = YES;
				IPHONEOS_DEPLOYMENT_TARGET = 11.4;
				MTL_ENABLE_DEBUG_INFO = YES;
				ONLY_ACTIVE_ARCH = YES;
				SDKROOT = iphoneos;
			};
			name = Debug;
		};
		9BAC1245212C4EBD00876AE0 /* Release */ = {
			isa = XCBuildConfiguration;
			buildSettings = {
				ALWAYS_SEARCH_USER_PATHS = NO;
				CLANG_ANALYZER_NONNULL = YES;
				CLANG_ANALYZER_NUMBER_OBJECT_CONVERSION = YES_AGGRESSIVE;
				CLANG_CXX_LANGUAGE_STANDARD = "gnu++14";
				CLANG_CXX_LIBRARY = "libc++";
				CLANG_ENABLE_MODULES = YES;
				CLANG_ENABLE_OBJC_ARC = YES;
				CLANG_ENABLE_OBJC_WEAK = YES;
				CLANG_WARN_BLOCK_CAPTURE_AUTORELEASING = YES;
				CLANG_WARN_BOOL_CONVERSION = YES;
				CLANG_WARN_COMMA = YES;
				CLANG_WARN_CONSTANT_CONVERSION = YES;
				CLANG_WARN_DEPRECATED_OBJC_IMPLEMENTATIONS = YES;
				CLANG_WARN_DIRECT_OBJC_ISA_USAGE = YES_ERROR;
				CLANG_WARN_DOCUMENTATION_COMMENTS = YES;
				CLANG_WARN_EMPTY_BODY = YES;
				CLANG_WARN_ENUM_CONVERSION = YES;
				CLANG_WARN_INFINITE_RECURSION = YES;
				CLANG_WARN_INT_CONVERSION = YES;
				CLANG_WARN_NON_LITERAL_NULL_CONVERSION = YES;
				CLANG_WARN_OBJC_IMPLICIT_RETAIN_SELF = YES;
				CLANG_WARN_OBJC_LITERAL_CONVERSION = YES;
				CLANG_WARN_OBJC_ROOT_CLASS = YES_ERROR;
				CLANG_WARN_RANGE_LOOP_ANALYSIS = YES;
				CLANG_WARN_STRICT_PROTOTYPES = YES;
				CLANG_WARN_SUSPICIOUS_MOVE = YES;
				CLANG_WARN_UNGUARDED_AVAILABILITY = YES_AGGRESSIVE;
				CLANG_WARN_UNREACHABLE_CODE = YES;
				CLANG_WARN__DUPLICATE_METHOD_MATCH = YES;
				CODE_SIGN_IDENTITY = "iPhone Developer";
				COPY_PHASE_STRIP = NO;
				DEBUG_INFORMATION_FORMAT = "dwarf-with-dsym";
				ENABLE_NS_ASSERTIONS = NO;
				ENABLE_STRICT_OBJC_MSGSEND = YES;
				GCC_C_LANGUAGE_STANDARD = gnu11;
				GCC_NO_COMMON_BLOCKS = YES;
				GCC_WARN_64_TO_32_BIT_CONVERSION = YES;
				GCC_WARN_ABOUT_RETURN_TYPE = YES_ERROR;
				GCC_WARN_UNDECLARED_SELECTOR = YES;
				GCC_WARN_UNINITIALIZED_AUTOS = YES_AGGRESSIVE;
				GCC_WARN_UNUSED_FUNCTION = YES;
				GCC_WARN_UNUSED_VARIABLE = YES;
				IPHONEOS_DEPLOYMENT_TARGET = 11.4;
				MTL_ENABLE_DEBUG_INFO = NO;
				SDKROOT = iphoneos;
				VALIDATE_PRODUCT = YES;
			};
			name = Release;
		};
		9BAC1247212C4EBD00876AE0 /* Debug */ = {
			isa = XCBuildConfiguration;
			buildSettings = {
				ASSETCATALOG_COMPILER_APPICON_NAME = AppIcon;
				CODE_SIGN_STYLE = Manual;
				DEVELOPMENT_TEAM = W8S3N3PF3U;
				INFOPLIST_FILE = ReadCode/Info.plist;
				IPHONEOS_DEPLOYMENT_TARGET = 9.0;
				LD_RUNPATH_SEARCH_PATHS = (
					"$(inherited)",
					"@executable_path/Frameworks",
				);
				PRODUCT_BUNDLE_IDENTIFIER = com.enterprise.ztqft.text;
				PRODUCT_NAME = "$(TARGET_NAME)";
				PROVISIONING_PROFILE = "13ac12ac-b77e-47e9-902b-4ba0eca786a1";
				PROVISIONING_PROFILE_SPECIFIER = "DEV Enterprise ztqft";
				TARGETED_DEVICE_FAMILY = "1,2";
			};
			name = Debug;
		};
		9BAC1248212C4EBD00876AE0 /* Release */ = {
			isa = XCBuildConfiguration;
			buildSettings = {
				ASSETCATALOG_COMPILER_APPICON_NAME = AppIcon;
				CODE_SIGN_STYLE = Manual;
				INFOPLIST_FILE = ReadCode/Info.plist;
				IPHONEOS_DEPLOYMENT_TARGET = 9.0;
				LD_RUNPATH_SEARCH_PATHS = (
					"$(inherited)",
					"@executable_path/Frameworks",
				);
				PRODUCT_BUNDLE_IDENTIFIER = com.enterprise.ztqft.text;
				PRODUCT_NAME = "$(TARGET_NAME)";
				PROVISIONING_PROFILE_SPECIFIER = "DEV Enterprise ztqft";
				TARGETED_DEVICE_FAMILY = "1,2";
			};
			name = Release;
		};
/* End XCBuildConfiguration section */

/* Begin XCConfigurationList section */
		9BAC122B212C4EBB00876AE0 /* Build configuration list for PBXProject "ReadCode" */ = {
			isa = XCConfigurationList;
			buildConfigurations = (
				9BAC1244212C4EBD00876AE0 /* Debug */,
				9BAC1245212C4EBD00876AE0 /* Release */,
			);
			defaultConfigurationIsVisible = 0;
			defaultConfigurationName = Release;
		};
		9BAC1246212C4EBD00876AE0 /* Build configuration list for PBXNativeTarget "ReadCode" */ = {
			isa = XCConfigurationList;
			buildConfigurations = (
				9BAC1247212C4EBD00876AE0 /* Debug */,
				9BAC1248212C4EBD00876AE0 /* Release */,
			);
			defaultConfigurationIsVisible = 0;
			defaultConfigurationName = Release;
		};
/* End XCConfigurationList section */
	};
	rootObject = 9BAC1228212C4EBB00876AE0 /* Project object */;
}
